
Microsoft Visual Studio Solution File, Format Version 12.00
# Visual Studio Version 17
VisualStudioVersion = 17.11.35208.52
MinimumVisualStudioVersion = 10.0.40219.1
Project("{FAE04EC0-301F-11D3-BF4B-00C04F79EFBC}") = "ASP_Core_Web_API_CRUD", "ASP_Core_Web_API_CRUD\ASP_Core_Web_API_CRUD.csproj", "{FA345108-DF21-4D1B-93CB-08B382CEC743}"
EndProject
Global
	GlobalSection(SolutionConfigurationPlatforms) = preSolution
		Debug|Any CPU = Debug|Any CPU
		Release|Any CPU = Release|Any CPU
	EndGlobalSection
	GlobalSection(ProjectConfigurationPlatforms) = postSolution
		{FA345108-DF21-4D1B-93CB-08B382CEC743}.Debug|Any CPU.ActiveCfg = Debug|Any CPU
		{FA345108-DF21-4D1B-93CB-08B382CEC743}.Debug|Any CPU.Build.0 = Debug|Any CPU
		{FA345108-DF21-4D1B-93CB-08B382CEC743}.Release|Any CPU.ActiveCfg = Release|Any CPU
		{FA345108-DF21-4D1B-93CB-08B382CEC743}.Release|Any CPU.Build.0 = Release|Any CPU
	EndGlobalSection
	GlobalSection(SolutionProperties) = preSolution
		HideSolutionNode = FALSE
	EndGlobalSection
	GlobalSection(ExtensibilityGlobals) = postSolution
		SolutionGuid = {E33612FA-C4B8-4DF5-AB06-FC61B59C0D82}
	EndGlobalSection
EndGlobal
